# @generated by Move, please check-in and do not edit manually.

[move]
version = 3
manifest_digest = "5281CC2D847DF08B332FB52BF919958BEAB1DDE6E37ED836F272A5ACCFC77115"
deps_digest = "F8BBB0CCB2491CA29A3DF03D6F92277A4F3574266507ACD77214D37ECA3F3082"
dependencies = [
  { id = "Sui", name = "Sui" },
]

[[move.package]]
id = "MoveStdlib"
source = { git = "https://github.com/MystenLabs/sui.git", rev = "testnet", subdir = "crates\\sui-framework\\packages\\move-stdlib" }

[[move.package]]
id = "Sui"
source = { git = "https://github.com/MystenLabs/sui.git", rev = "testnet", subdir = "crates/sui-framework/packages/sui-framework" }

dependencies = [
  { id = "MoveStdlib", name = "MoveStdlib" },
]

[move.toolchain-version]
compiler-version = "1.58.2"
edition = "2024"
flavor = "sui"

[env]

[env.testnet]
chain-id = "4c78adac"
original-published-id = "0x7d37849153d64903b547a56c5d2036586074c5370a790326a03b9d076c8b1c88"
latest-published-id = "0x7d37849153d64903b547a56c5d2036586074c5370a790326a03b9d076c8b1c88"
published-version = "1"
